// !$*UTF8*$!
{
	archiveVersion = 1;
	classes = {
	};
	objectVersion = 50;
	objects = {

/* Begin PBXBuildFile section */
		C66BBE6A21C0A52200C4285F /* AppDelegate.swift in Sources */ = {isa = PBXBuildFile; fileRef = C66BBE6921C0A52200C4285F /* AppDelegate.swift */; };
		C66BBE6F21C0A52200C4285F /* Main.storyboard in Resources */ = {isa = PBXBuildFile; fileRef = C66BBE6D21C0A52200C4285F /* Main.storyboard */; };
		C66BBE7121C0A52200C4285F /* Assets.xcassets in Resources */ = {isa = PBXBuildFile; fileRef = C66BBE7021C0A52200C4285F /* Assets.xcassets */; };
		C66BBE7421C0A52200C4285F /* LaunchScreen.storyboard in Resources */ = {isa = PBXBuildFile; fileRef = C66BBE7221C0A52200C4285F /* LaunchScreen.storyboard */; };
		C66BBE9421C0A90300C4285F /* Alamofire.framework in Frameworks */ = {isa = PBXBuildFile; fileRef = C66BBE8721C0A8E100C4285F /* Alamofire.framework */; };
		C66BBE9521C0A90300C4285F /* Alamofire.framework in Embed Frameworks */ = {isa = PBXBuildFile; fileRef = C66BBE8721C0A8E100C4285F /* Alamofire.framework */; settings = {ATTRIBUTES = (CodeSignOnCopy, RemoveHeadersOnCopy, ); }; };
		C66BBE9A21C0AB9500C4285F /* JSONViewController.swift in Sources */ = {isa = PBXBuildFile; fileRef = C66BBE9921C0AB9500C4285F /* JSONViewController.swift */; };
		C66BBE9C21C0ABDB00C4285F /* CityTableViewController.swift in Sources */ = {isa = PBXBuildFile; fileRef = C66BBE9B21C0ABDB00C4285F /* CityTableViewController.swift */; };
		C66BBE9E21C0ABEF00C4285F /* DetailViewController.swift in Sources */ = {isa = PBXBuildFile; fileRef = C66BBE9D21C0ABEF00C4285F /* DetailViewController.swift */; };
/* End PBXBuildFile section */

/* Begin PBXContainerItemProxy section */
		C66BBE8621C0A8E100C4285F /* PBXContainerItemProxy */ = {
			isa = PBXContainerItemProxy;
			containerPortal = C66BBE7B21C0A8E100C4285F /* Alamofire.xcodeproj */;
			proxyType = 2;
			remoteGlobalIDString = F8111E3319A95C8B0040E7D1;
			remoteInfo = "Alamofire iOS";
		};
		C66BBE8821C0A8E100C4285F /* PBXContainerItemProxy */ = {
			isa = PBXContainerItemProxy;
			containerPortal = C66BBE7B21C0A8E100C4285F /* Alamofire.xcodeproj */;
			proxyType = 2;
			remoteGlobalIDString = F8111E3E19A95C8B0040E7D1;
			remoteInfo = "Alamofire iOS Tests";
		};
		C66BBE8A21C0A8E100C4285F /* PBXContainerItemProxy */ = {
			isa = PBXContainerItemProxy;
			containerPortal = C66BBE7B21C0A8E100C4285F /* Alamofire.xcodeproj */;
			proxyType = 2;
			remoteGlobalIDString = 4DD67C0B1A5C55C900ED2280;
			remoteInfo = "Alamofire macOS";
		};
		C66BBE8C21C0A8E100C4285F /* PBXContainerItemProxy */ = {
			isa = PBXContainerItemProxy;
			containerPortal = C66BBE7B21C0A8E100C4285F /* Alamofire.xcodeproj */;
			proxyType = 2;
			remoteGlobalIDString = F829C6B21A7A94F100A2CD59;
			remoteInfo = "Alamofire macOS Tests";
		};
		C66BBE8E21C0A8E100C4285F /* PBXContainerItemProxy */ = {
			isa = PBXContainerItemProxy;
			containerPortal = C66BBE7B21C0A8E100C4285F /* Alamofire.xcodeproj */;
			proxyType = 2;
			remoteGlobalIDString = 4CF626EF1BA7CB3E0011A099;
			remoteInfo = "Alamofire tvOS";
		};
		C66BBE9021C0A8E100C4285F /* PBXContainerItemProxy */ = {
			isa = PBXContainerItemProxy;
			containerPortal = C66BBE7B21C0A8E100C4285F /* Alamofire.xcodeproj */;
			proxyType = 2;
			remoteGlobalIDString = 4CF626F81BA7CB3E0011A099;
			remoteInfo = "Alamofire tvOS Tests";
		};
		C66BBE9221C0A8E100C4285F /* PBXContainerItemProxy */ = {
			isa = PBXContainerItemProxy;
			containerPortal = C66BBE7B21C0A8E100C4285F /* Alamofire.xcodeproj */;
			proxyType = 2;
			remoteGlobalIDString = E4202FE01B667AA100C997FB;
			remoteInfo = "Alamofire watchOS";
		};
		C66BBE9621C0A90300C4285F /* PBXContainerItemProxy */ = {
			isa = PBXContainerItemProxy;
			containerPortal = C66BBE7B21C0A8E100C4285F /* Alamofire.xcodeproj */;
			proxyType = 1;
			remoteGlobalIDString = F8111E3219A95C8B0040E7D1;
			remoteInfo = "Alamofire iOS";
		};
/* End PBXContainerItemProxy section */

/* Begin PBXCopyFilesBuildPhase section */
		C66BBE9821C0A90300C4285F /* Embed Frameworks */ = {
			isa = PBXCopyFilesBuildPhase;
			buildActionMask = 2147483647;
			dstPath = "";
			dstSubfolderSpec = 10;
			files = (
				C66BBE9521C0A90300C4285F /* Alamofire.framework in Embed Frameworks */,
			);
			name = "Embed Frameworks";
			runOnlyForDeploymentPostprocessing = 0;
		};
/* End PBXCopyFilesBuildPhase section */

/* Begin PBXFileReference section */
		C66BBE6621C0A52200C4285F /* NetworkDemo.app */ = {isa = PBXFileReference; explicitFileType = wrapper.application; includeInIndex = 0; path = NetworkDemo.app; sourceTree = BUILT_PRODUCTS_DIR; };
		C66BBE6921C0A52200C4285F /* AppDelegate.swift */ = {isa = PBXFileReference; lastKnownFileType = sourcecode.swift; path = AppDelegate.swift; sourceTree = "<group>"; };
		C66BBE6E21C0A52200C4285F /* Base */ = {isa = PBXFileReference; lastKnownFileType = file.storyboard; name = Base; path = Base.lproj/Main.storyboard; sourceTree = "<group>"; };
		C66BBE7021C0A52200C4285F /* Assets.xcassets */ = {isa = PBXFileReference; lastKnownFileType = folder.assetcatalog; path = Assets.xcassets; sourceTree = "<group>"; };
		C66BBE7321C0A52200C4285F /* Base */ = {isa = PBXFileReference; lastKnownFileType = file.storyboard; name = Base; path = Base.lproj/LaunchScreen.storyboard; sourceTree = "<group>"; };
		C66BBE7521C0A52200C4285F /* Info.plist */ = {isa = PBXFileReference; lastKnownFileType = text.plist.xml; path = Info.plist; sourceTree = "<group>"; };
		C66BBE7B21C0A8E100C4285F /* Alamofire.xcodeproj */ = {isa = PBXFileReference; lastKnownFileType = "wrapper.pb-project"; name = Alamofire.xcodeproj; path = "Alamofire-master/Alamofire.xcodeproj"; sourceTree = "<group>"; };
		C66BBE9921C0AB9500C4285F /* JSONViewController.swift */ = {isa = PBXFileReference; lastKnownFileType = sourcecode.swift; path = JSONViewController.swift; sourceTree = "<group>"; };
		C66BBE9B21C0ABDB00C4285F /* CityTableViewController.swift */ = {isa = PBXFileReference; lastKnownFileType = sourcecode.swift; path = CityTableViewController.swift; sourceTree = "<group>"; };
		C66BBE9D21C0ABEF00C4285F /* DetailViewController.swift */ = {isa = PBXFileReference; lastKnownFileType = sourcecode.swift; path = DetailViewController.swift; sourceTree = "<group>"; };
/* End PBXFileReference section */

/* Begin PBXFrameworksBuildPhase section */
		C66BBE6321C0A52200C4285F /* Frameworks */ = {
			isa = PBXFrameworksBuildPhase;
			buildActionMask = 2147483647;
			files = (
				C66BBE9421C0A90300C4285F /* Alamofire.framework in Frameworks */,
			);
			runOnlyForDeploymentPostprocessing = 0;
		};
/* End PBXFrameworksBuildPhase section */

/* Begin PBXGroup section */
		C66BBE5D21C0A52200C4285F = {
			isa = PBXGroup;
			children = (
				C66BBE7B21C0A8E100C4285F /* Alamofire.xcodeproj */,
				C66BBE6821C0A52200C4285F /* NetworkDemo */,
				C66BBE6721C0A52200C4285F /* Products */,
			);
			sourceTree = "<group>";
		};
		C66BBE6721C0A52200C4285F /* Products */ = {
			isa = PBXGroup;
			children = (
				C66BBE6621C0A52200C4285F /* NetworkDemo.app */,
			);
			name = Products;
			sourceTree = "<group>";
		};
		C66BBE6821C0A52200C4285F /* NetworkDemo */ = {
			isa = PBXGroup;
			children = (
				C66BBE6921C0A52200C4285F /* AppDelegate.swift */,
				C66BBE6D21C0A52200C4285F /* Main.storyboard */,
				C66BBE9D21C0ABEF00C4285F /* DetailViewController.swift */,
				C66BBE9B21C0ABDB00C4285F /* CityTableViewController.swift */,
				C66BBE9921C0AB9500C4285F /* JSONViewController.swift */,
				C66BBE7021C0A52200C4285F /* Assets.xcassets */,
				C66BBE7221C0A52200C4285F /* LaunchScreen.storyboard */,
				C66BBE7521C0A52200C4285F /* Info.plist */,
			);
			path = NetworkDemo;
			sourceTree = "<group>";
		};
		C66BBE7C21C0A8E100C4285F /* Products */ = {
			isa = PBXGroup;
			children = (
				C66BBE8721C0A8E100C4285F /* Alamofire.framework */,
				C66BBE8921C0A8E100C4285F /* Alamofire iOS Tests.xctest */,
				C66BBE8B21C0A8E100C4285F /* Alamofire.framework */,
				C66BBE8D21C0A8E100C4285F /* Alamofire macOS Tests.xctest */,
				C66BBE8F21C0A8E100C4285F /* Alamofire.framework */,
				C66BBE9121C0A8E100C4285F /* Alamofire tvOS Tests.xctest */,
				C66BBE9321C0A8E100C4285F /* Alamofire.framework */,
			);
			name = Products;
			sourceTree = "<group>";
		};
/* End PBXGroup section */

/* Begin PBXNativeTarget section */
		C66BBE6521C0A52200C4285F /* NetworkDemo */ = {
			isa = PBXNativeTarget;
			buildConfigurationList = C66BBE7821C0A52200C4285F /* Build configuration list for PBXNativeTarget "NetworkDemo" */;
			buildPhases = (
				C66BBE6221C0A52200C4285F /* Sources */,
				C66BBE6321C0A52200C4285F /* Frameworks */,
				C66BBE6421C0A52200C4285F /* Resources */,
				C66BBE9821C0A90300C4285F /* Embed Frameworks */,
			);
			buildRules = (
			);
			dependencies = (
				C66BBE9721C0A90300C4285F /* PBXTargetDependency */,
			);
			name = NetworkDemo;
			productName = NetworkDemo;
			productReference = C66BBE6621C0A52200C4285F /* NetworkDemo.app */;
			productType = "com.apple.product-type.application";
		};
/* End PBXNativeTarget section */

/* Begin PBXProject section */
		C66BBE5E21C0A52200C4285F /* Project object */ = {
			isa = PBXProject;
			attributes = {
				LastSwiftUpdateCheck = 1000;
				LastUpgradeCheck = 1000;
				ORGANIZATIONNAME = liguiyang;
				TargetAttributes = {
					C66BBE6521C0A52200C4285F = {
						CreatedOnToolsVersion = 10.0;
					};
				};
			};
			buildConfigurationList = C66BBE6121C0A52200C4285F /* Build configuration list for PBXProject "NetworkDemo" */;
			compatibilityVersion = "Xcode 9.3";
			developmentRegion = en;
			hasScannedForEncodings = 0;
			knownRegions = (
				en,
				Base,
			);
			mainGroup = C66BBE5D21C0A52200C4285F;
			productRefGroup = C66BBE6721C0A52200C4285F /* Products */;
			projectDirPath = "";
			projectReferences = (
				{
					ProductGroup = C66BBE7C21C0A8E100C4285F /* Products */;
					ProjectRef = C66BBE7B21C0A8E100C4285F /* Alamofire.xcodeproj */;
				},
			);
			projectRoot = "";
			targets = (
				C66BBE6521C0A52200C4285F /* NetworkDemo */,
			);
		};
/* End PBXProject section */

/* Begin PBXReferenceProxy section */
		C66BBE8721C0A8E100C4285F /* Alamofire.framework */ = {
			isa = PBXReferenceProxy;
			fileType = wrapper.framework;
			path = Alamofire.framework;
			remoteRef = C66BBE8621C0A8E100C4285F /* PBXContainerItemProxy */;
			sourceTree = BUILT_PRODUCTS_DIR;
		};
		C66BBE8921C0A8E100C4285F /* Alamofire iOS Tests.xctest */ = {
			isa = PBXReferenceProxy;
			fileType = wrapper.cfbundle;
			path = "Alamofire iOS Tests.xctest";
			remoteRef = C66BBE8821C0A8E100C4285F /* PBXContainerItemProxy */;
			sourceTree = BUILT_PRODUCTS_DIR;
		};
		C66BBE8B21C0A8E100C4285F /* Alamofire.framework */ = {
			isa = PBXReferenceProxy;
			fileType = wrapper.framework;
			path = Alamofire.framework;
			remoteRef = C66BBE8A21C0A8E100C4285F /* PBXContainerItemProxy */;
			sourceTree = BUILT_PRODUCTS_DIR;
		};
		C66BBE8D21C0A8E100C4285F /* Alamofire macOS Tests.xctest */ = {
			isa = PBXReferenceProxy;
			fileType = wrapper.cfbundle;
			path = "Alamofire macOS Tests.xctest";
			remoteRef = C66BBE8C21C0A8E100C4285F /* PBXContainerItemProxy */;
			sourceTree = BUILT_PRODUCTS_DIR;
		};
		C66BBE8F21C0A8E100C4285F /* Alamofire.framework */ = {
			isa = PBXReferenceProxy;
			fileType = wrapper.framework;
			path = Alamofire.framework;
			remoteRef = C66BBE8E21C0A8E100C4285F /* PBXContainerItemProxy */;
			sourceTree = BUILT_PRODUCTS_DIR;
		};
		C66BBE9121C0A8E100C4285F /* Alamofire tvOS Tests.xctest */ = {
			isa = PBXReferenceProxy;
			fileType = wrapper.cfbundle;
			path = "Alamofire tvOS Tests.xctest";
			remoteRef = C66BBE9021C0A8E100C4285F /* PBXContainerItemProxy */;
			sourceTree = BUILT_PRODUCTS_DIR;
		};
		C66BBE9321C0A8E100C4285F /* Alamofire.framework */ = {
			isa = PBXReferenceProxy;
			fileType = wrapper.framework;
			path = Alamofire.framework;
			remoteRef = C66BBE9221C0A8E100C4285F /* PBXContainerItemProxy */;
			sourceTree = BUILT_PRODUCTS_DIR;
		};
/* End PBXReferenceProxy section */

/* Begin PBXResourcesBuildPhase section */
		C66BBE6421C0A52200C4285F /* Resources */ = {
			isa = PBXResourcesBuildPhase;
			buildActionMask = 2147483647;
			files = (
				C66BBE7421C0A52200C4285F /* LaunchScreen.storyboard in Resources */,
				C66BBE7121C0A52200C4285F /* Assets.xcassets in Resources */,
				C66BBE6F21C0A52200C4285F /* Main.storyboard in Resources */,
			);
			runOnlyForDeploymentPostprocessing = 0;
		};
/* End PBXResourcesBuildPhase section */

/* Begin PBXSourcesBuildPhase section */
		C66BBE6221C0A52200C4285F /* Sources */ = {
			isa = PBXSourcesBuildPhase;
			buildActionMask = 2147483647;
			files = (
				C66BBE9C21C0ABDB00C4285F /* CityTableViewController.swift in Sources */,
				C66BBE9E21C0ABEF00C4285F /* DetailViewController.swift in Sources */,
				C66BBE6A21C0A52200C4285F /* AppDelegate.swift in Sources */,
				C66BBE9A21C0AB9500C4285F /* JSONViewController.swift in Sources */,
			);
			runOnlyForDeploymentPostprocessing = 0;
		};
/* End PBXSourcesBuildPhase section */

/* Begin PBXTargetDependency section */
		C66BBE9721C0A90300C4285F /* PBXTargetDependency */ = {
			isa = PBXTargetDependency;
			name = "Alamofire iOS";
			targetProxy = C66BBE9621C0A90300C4285F /* PBXContainerItemProxy */;
		};
/* End PBXTargetDependency section */

/* Begin PBXVariantGroup section */
		C66BBE6D21C0A52200C4285F /* Main.storyboard */ = {
			isa = PBXVariantGroup;
			children = (
				C66BBE6E21C0A52200C4285F /* Base */,
			);
			name = Main.storyboard;
			sourceTree = "<group>";
		};
		C66BBE7221C0A52200C4285F /* LaunchScreen.storyboard */ = {
			isa = PBXVariantGroup;
			children = (
				C66BBE7321C0A52200C4285F /* Base */,
			);
			name = LaunchScreen.storyboard;
			sourceTree = "<group>";
		};
/* End PBXVariantGroup section */

/* Begin XCBuildConfiguration section */
		C66BBE7621C0A52200C4285F /* Debug */ = {
			isa = XCBuildConfiguration;
			buildSettings = {
				ALWAYS_SEARCH_USER_PATHS = NO;
				CLANG_ANALYZER_NONNULL = YES;
				CLANG_ANALYZER_NUMBER_OBJECT_CONVERSION = YES_AGGRESSIVE;
				CLANG_CXX_LANGUAGE_STANDARD = "gnu++14";
				CLANG_CXX_LIBRARY = "libc++";
				CLANG_ENABLE_MODULES = YES;
				CLANG_ENABLE_OBJC_ARC = YES;
				CLANG_ENABLE_OBJC_WEAK = YES;
				CLANG_WARN_BLOCK_CAPTURE_AUTORELEASING = YES;
				CLANG_WARN_BOOL_CONVERSION = YES;
				CLANG_WARN_COMMA = YES;
				CLANG_WARN_CONSTANT_CONVERSION = YES;
				CLANG_WARN_DEPRECATED_OBJC_IMPLEMENTATIONS = YES;
				CLANG_WARN_DIRECT_OBJC_ISA_USAGE = YES_ERROR;
				CLANG_WARN_DOCUMENTATION_COMMENTS = YES;
				CLANG_WARN_EMPTY_BODY = YES;
				CLANG_WARN_ENUM_CONVERSION = YES;
				CLANG_WARN_INFINITE_RECURSION = YES;
				CLANG_WARN_INT_CONVERSION = YES;
				CLANG_WARN_NON_LITERAL_NULL_CONVERSION = YES;
				CLANG_WARN_OBJC_IMPLICIT_RETAIN_SELF = YES;
				CLANG_WARN_OBJC_LITERAL_CONVERSION = YES;
				CLANG_WARN_OBJC_ROOT_CLASS = YES_ERROR;
				CLANG_WARN_RANGE_LOOP_ANALYSIS = YES;
				CLANG_WARN_STRICT_PROTOTYPES = YES;
				CLANG_WARN_SUSPICIOUS_MOVE = YES;
				CLANG_WARN_UNGUARDED_AVAILABILITY = YES_AGGRESSIVE;
				CLANG_WARN_UNREACHABLE_CODE = YES;
				CLANG_WARN__DUPLICATE_METHOD_MATCH = YES;
				CODE_SIGN_IDENTITY = "iPhone Developer";
				COPY_PHASE_STRIP = NO;
				DEBUG_INFORMATION_FORMAT = dwarf;
				ENABLE_STRICT_OBJC_MSGSEND = YES;
				ENABLE_TESTABILITY = YES;
				GCC_C_LANGUAGE_STANDARD = gnu11;
				GCC_DYNAMIC_NO_PIC = NO;
				GCC_NO_COMMON_BLOCKS = YES;
				GCC_OPTIMIZATION_LEVEL = 0;
				GCC_PREPROCESSOR_DEFINITIONS = (
					"DEBUG=1",
					"$(inherited)",
				);
				GCC_WARN_64_TO_32_BIT_CONVERSION = YES;
				GCC_WARN_ABOUT_RETURN_TYPE = YES_ERROR;
				GCC_WARN_UNDECLARED_SELECTOR = YES;
				GCC_WARN_UNINITIALIZED_AUTOS = YES_AGGRESSIVE;
				GCC_WARN_UNUSED_FUNCTION = YES;
				GCC_WARN_UNUSED_VARIABLE = YES;
				IPHONEOS_DEPLOYMENT_TARGET = 12.0;
				MTL_ENABLE_DEBUG_INFO = INCLUDE_SOURCE;
				MTL_FAST_MATH = YES;
				ONLY_ACTIVE_ARCH = YES;
				SDKROOT = iphoneos;
				SWIFT_ACTIVE_COMPILATION_CONDITIONS = DEBUG;
				SWIFT_OPTIMIZATION_LEVEL = "-Onone";
			};
			name = Debug;
		};
		C66BBE7721C0A52200C4285F /* Release */ = {
			isa = XCBuildConfiguration;
			buildSettings = {
				ALWAYS_SEARCH_USER_PATHS = NO;
				CLANG_ANALYZER_NONNULL = YES;
				CLANG_ANALYZER_NUMBER_OBJECT_CONVERSION = YES_AGGRESSIVE;
				CLANG_CXX_LANGUAGE_STANDARD = "gnu++14";
				CLANG_CXX_LIBRARY = "libc++";
				CLANG_ENABLE_MODULES = YES;
				CLANG_ENABLE_OBJC_ARC = YES;
				CLANG_ENABLE_OBJC_WEAK = YES;
				CLANG_WARN_BLOCK_CAPTURE_AUTORELEASING = YES;
				CLANG_WARN_BOOL_CONVERSION = YES;
				CLANG_WARN_COMMA = YES;
				CLANG_WARN_CONSTANT_CONVERSION = YES;
				CLANG_WARN_DEPRECATED_OBJC_IMPLEMENTATIONS = YES;
				CLANG_WARN_DIRECT_OBJC_ISA_USAGE = YES_ERROR;
				CLANG_WARN_DOCUMENTATION_COMMENTS = YES;
				CLANG_WARN_EMPTY_BODY = YES;
				CLANG_WARN_ENUM_CONVERSION = YES;
				CLANG_WARN_INFINITE_RECURSION = YES;
				CLANG_WARN_INT_CONVERSION = YES;
				CLANG_WARN_NON_LITERAL_NULL_CONVERSION = YES;
				CLANG_WARN_OBJC_IMPLICIT_RETAIN_SELF = YES;
				CLANG_WARN_OBJC_LITERAL_CONVERSION = YES;
				CLANG_WARN_OBJC_ROOT_CLASS = YES_ERROR;
				CLANG_WARN_RANGE_LOOP_ANALYSIS = YES;
				CLANG_WARN_STRICT_PROTOTYPES = YES;
				CLANG_WARN_SUSPICIOUS_MOVE = YES;
				CLANG_WARN_UNGUARDED_AVAILABILITY = YES_AGGRESSIVE;
				CLANG_WARN_UNREACHABLE_CODE = YES;
				CLANG_WARN__DUPLICATE_METHOD_MATCH = YES;
				CODE_SIGN_IDENTITY = "iPhone Developer";
				COPY_PHASE_STRIP = NO;
				DEBUG_INFORMATION_FORMAT = "dwarf-with-dsym";
				ENABLE_NS_ASSERTIONS = NO;
				ENABLE_STRICT_OBJC_MSGSEND = YES;
				GCC_C_LANGUAGE_STANDARD = gnu11;
				GCC_NO_COMMON_BLOCKS = YES;
				GCC_WARN_64_TO_32_BIT_CONVERSION = YES;
				GCC_WARN_ABOUT_RETURN_TYPE = YES_ERROR;
				GCC_WARN_UNDECLARED_SELECTOR = YES;
				GCC_WARN_UNINITIALIZED_AUTOS = YES_AGGRESSIVE;
				GCC_WARN_UNUSED_FUNCTION = YES;
				GCC_WARN_UNUSED_VARIABLE = YES;
				IPHONEOS_DEPLOYMENT_TARGET = 12.0;
				MTL_ENABLE_DEBUG_INFO = NO;
				MTL_FAST_MATH = YES;
				SDKROOT = iphoneos;
				SWIFT_COMPILATION_MODE = wholemodule;
				SWIFT_OPTIMIZATION_LEVEL = "-O";
				VALIDATE_PRODUCT = YES;
			};
			name = Release;
		};
		C66BBE7921C0A52200C4285F /* Debug */ = {
			isa = XCBuildConfiguration;
			buildSettings = {
				ALWAYS_EMBED_SWIFT_STANDARD_LIBRARIES = YES;
				ASSETCATALOG_COMPILER_APPICON_NAME = AppIcon;
				CODE_SIGN_STYLE = Automatic;
				INFOPLIST_FILE = NetworkDemo/Info.plist;
				LD_RUNPATH_SEARCH_PATHS = (
					"$(inherited)",
					"@executable_path/Frameworks",
				);
				PRODUCT_BUNDLE_IDENTIFIER = "-0010056.NetworkDemo";
				PRODUCT_NAME = "$(TARGET_NAME)";
				SWIFT_VERSION = 4.2;
				TARGETED_DEVICE_FAMILY = "1,2";
			};
			name = Debug;
		};
		C66BBE7A21C0A52200C4285F /* Release */ = {
			isa = XCBuildConfiguration;
			buildSettings = {
				ALWAYS_EMBED_SWIFT_STANDARD_LIBRARIES = YES;
				ASSETCATALOG_COMPILER_APPICON_NAME = AppIcon;
				CODE_SIGN_STYLE = Automatic;
				INFOPLIST_FILE = NetworkDemo/Info.plist;
				LD_RUNPATH_SEARCH_PATHS = (
					"$(inherited)",
					"@executable_path/Frameworks",
				);
				PRODUCT_BUNDLE_IDENTIFIER = "-0010056.NetworkDemo";
				PRODUCT_NAME = "$(TARGET_NAME)";
				SWIFT_VERSION = 4.2;
				TARGETED_DEVICE_FAMILY = "1,2";
			};
			name = Release;
		};
/* End XCBuildConfiguration section */

/* Begin XCConfigurationList section */
		C66BBE6121C0A52200C4285F /* Build configuration list for PBXProject "NetworkDemo" */ = {
			isa = XCConfigurationList;
			buildConfigurations = (
				C66BBE7621C0A52200C4285F /* Debug */,
				C66BBE7721C0A52200C4285F /* Release */,
			);
			defaultConfigurationIsVisible = 0;
			defaultConfigurationName = Release;
		};
		C66BBE7821C0A52200C4285F /* Build configuration list for PBXNativeTarget "NetworkDemo" */ = {
			isa = XCConfigurationList;
			buildConfigurations = (
				C66BBE7921C0A52200C4285F /* Debug */,
				C66BBE7A21C0A52200C4285F /* Release */,
			);
			defaultConfigurationIsVisible = 0;
			defaultConfigurationName = Release;
		};
/* End XCConfigurationList section */
	};
	rootObject = C66BBE5E21C0A52200C4285F /* Project object */;
}
